
Microsoft Visual Studio Solution File, Format Version 12.00
# Visual Studio Version 17
VisualStudioVersion = 17.9.34701.34
MinimumVisualStudioVersion = 10.0.40219.1
Project("{8BC9CEB8-8B4A-11D0-8D11-00A0C91BC942}") = "로빛 과제 7", "로빛 과제 7\로빛 과제 7.vcxproj", "{45C830F6-77A3-40E4-B608-613C7D3ED4F7}"
EndProject
Global
	GlobalSection(SolutionConfigurationPlatforms) = preSolution
		Debug|x64 = Debug|x64
		Debug|x86 = Debug|x86
		Release|x64 = Release|x64
		Release|x86 = Release|x86
	EndGlobalSection
	GlobalSection(ProjectConfigurationPlatforms) = postSolution
		{45C830F6-77A3-40E4-B608-613C7D3ED4F7}.Debug|x64.ActiveCfg = Debug|x64
		{45C830F6-77A3-40E4-B608-613C7D3ED4F7}.Debug|x64.Build.0 = Debug|x64
		{45C830F6-77A3-40E4-B608-613C7D3ED4F7}.Debug|x86.ActiveCfg = Debug|Win32
		{45C830F6-77A3-40E4-B608-613C7D3ED4F7}.Debug|x86.Build.0 = Debug|Win32
		{45C830F6-77A3-40E4-B608-613C7D3ED4F7}.Release|x64.ActiveCfg = Release|x64
		{45C830F6-77A3-40E4-B608-613C7D3ED4F7}.Release|x64.Build.0 = Release|x64
		{45C830F6-77A3-40E4-B608-613C7D3ED4F7}.Release|x86.ActiveCfg = Release|Win32
		{45C830F6-77A3-40E4-B608-613C7D3ED4F7}.Release|x86.Build.0 = Release|Win32
	EndGlobalSection
	GlobalSection(SolutionProperties) = preSolution
		HideSolutionNode = FALSE
	EndGlobalSection
	GlobalSection(ExtensibilityGlobals) = postSolution
		SolutionGuid = {FBD45603-B27B-4D54-A376-7451916131ED}
	EndGlobalSection
EndGlobal
